%{
  "arc": {:hex, :arc, "0.11.0", "ac7a0cc03035317b6fef9fe94c97d7d9bd183a3e7ce1606aa0c175cfa8d1ba6d", [:mix], [{:ex_aws, "~> 2.0", [hex: :ex_aws, repo: "hexpm", optional: true]}, {:ex_aws_s3, "~> 2.0", [hex: :ex_aws_s3, repo: "hexpm", optional: true]}, {:hackney, "~> 1.0", [hex: :hackney, repo: "hexpm", optional: false]}, {:poison, "~> 2.2 or ~> 3.1", [hex: :poison, repo: "hexpm", optional: true]}, {:sweet_xml, "~> 0.6", [hex: :sweet_xml, repo: "hexpm", optional: true]}], "hexpm", "e91a8bd676fca716f6e46275ae81fb96c0bbc7a9d5b96cac511ae190588eddd0"},
  "arc_ecto": {:hex, :arc_ecto, "0.11.2", "bd9b0c78ec7e09749c47e7e57a52076b5e0c3b9fd19be55f043b3445690ad95b", [:mix], [{:arc, "~> 0.11.0", [hex: :arc, repo: "hexpm", optional: false]}, {:ecto, ">= 2.1.0", [hex: :ecto, repo: "hexpm", optional: false]}], "hexpm", "58b40610d9f85665e0454f20fbfc3a071aabb77526191d089c4ef542d8eda6ae"},
  "arc_gcs": {:hex, :arc_gcs, "0.1.2", "376ff7718455f6cf256e9c365e7301421b5b02c9cc65aef87ffc2fd42823d1f7", [:mix], [{:arc, "~> 0.8", [hex: :arc, repo: "hexpm", optional: false]}, {:goth, "~> 1.0", [hex: :goth, repo: "hexpm", optional: false]}, {:sweet_xml, "~> 0.6", [hex: :sweet_xml, repo: "hexpm", optional: false]}], "hexpm", "9bf991a06e1ed4aefe338fce02cb31fc34db3cc6886bce05ad8104fe1b7e0413"},
  "argon2_elixir": {:hex, :argon2_elixir, "2.0.5", "0073a87d755c7e63fc4f9d08b1d1646585b93f144cecde126e15061b24240b20", [:make, :mix], [{:comeonin, "~> 5.1", [hex: :comeonin, repo: "hexpm", optional: false]}, {:elixir_make, "~> 0.5", [hex: :elixir_make, repo: "hexpm", optional: false]}], "hexpm", "31d0dc208100fd77a2fc4aa2eb4567308791316c69dfb3d449550fbb058ecb02"},
  "base64url": {:hex, :base64url, "0.0.1", "36a90125f5948e3afd7be97662a1504b934dd5dac78451ca6e9abf85a10286be", [:rebar], [], "hexpm", "fab09b20e3f5db886725544cbcf875b8e73ec93363954eb8a1a9ed834aa8c1f9"},
  "bodyguard": {:hex, :bodyguard, "2.2.3", "489bd7557870b649cdc478b99e29ba02892b9c618ed927ef6db85ab5dc0fd4c8", [:mix], [{:plug, "~> 1.0", [hex: :plug, repo: "hexpm", optional: false]}], "hexpm", "43cca0a57959983b81070389f22b4f0dc9a8b9cdfbf2e280c6e74308163c9a7f"},
  "certifi": {:hex, :certifi, "2.4.2", "75424ff0f3baaccfd34b1214184b6ef616d89e420b258bb0a5ea7d7bc628f7f0", [:rebar3], [{:parse_trans, "~>3.3", [hex: :parse_trans, repo: "hexpm", optional: false]}], "hexpm", "01d479edba0569a7b7a2c8bf923feeb6dc6a358edc2965ef69aea9ba288bb243"},
  "cldr_utils": {:hex, :cldr_utils, "2.3.0", "e7e8b5ad7494a929c1b620cc489c3aa3f6e7e5299584c1a934bbdb56d1a53c70", [:mix], [{:decimal, "~> 1.5", [hex: :decimal, repo: "hexpm", optional: false]}], "hexpm", "a865f4bbf024028e84787398054aa080fc38a714e1ced853e2803e3b4e597e63"},
  "combine": {:hex, :combine, "0.10.0", "eff8224eeb56498a2af13011d142c5e7997a80c8f5b97c499f84c841032e429f", [:mix], [], "hexpm", "1b1dbc1790073076580d0d1d64e42eae2366583e7aecd455d1215b0d16f2451b"},
  "comeonin": {:hex, :comeonin, "5.1.2", "fbbbbbfcf0f0e9900c0336d16c8d462edf838ba1759577e29cc5fbd7c28a4540", [:mix], [], "hexpm", "579a509274ae870badfe863ea7fc9975e1a406dca5c84c91133a299ade92f005"},
  "connection": {:hex, :connection, "1.0.4", "a1cae72211f0eef17705aaededacac3eb30e6625b04a6117c1b2db6ace7d5976", [:mix], [], "hexpm", "4a0850c9be22a43af9920a71ab17c051f5f7d45c209e40269a1938832510e4d9"},
  "cowboy": {:hex, :cowboy, "2.6.3", "99aa50e94e685557cad82e704457336a453d4abcb77839ad22dbe71f311fcc06", [:rebar3], [{:cowlib, "~> 2.7.3", [hex: :cowlib, repo: "hexpm", optional: false]}, {:ranch, "~> 1.7.1", [hex: :ranch, repo: "hexpm", optional: false]}], "hexpm", "e5580029080f3f1ad17436fb97b0d5ed2ed4e4815a96bac36b5a992e20f58db6"},
  "cowlib": {:hex, :cowlib, "2.7.3", "a7ffcd0917e6d50b4d5fb28e9e2085a0ceb3c97dea310505f7460ff5ed764ce9", [:rebar3], [], "hexpm", "1e1a3d176d52daebbecbbcdfd27c27726076567905c2a9d7398c54da9d225761"},
  "crontab": {:hex, :crontab, "1.1.7", "b9219f0bdc8678b94143655a8f229716c5810c0636a4489f98c0956137e53985", [:mix], [{:ecto, "~> 1.0 or ~> 2.0 or ~> 3.0", [hex: :ecto, repo: "hexpm", optional: true]}], "hexpm", "01685acedf41cbfcf3f6cc7389ac0a73f9edcc185e6ce9fa7a5f32dd0402305d"},
  "db_connection": {:hex, :db_connection, "2.1.0", "122e2f62c4906bf2e49554f1e64db5030c19229aa40935f33088e7d543aa79d0", [:mix], [{:connection, "~> 1.0.2", [hex: :connection, repo: "hexpm", optional: false]}], "hexpm", "f398f3144db606de82ed42c2ddc69767f0607abdb796e8220de5f0fcf80f5ba4"},
  "decimal": {:hex, :decimal, "1.8.0", "ca462e0d885f09a1c5a342dbd7c1dcf27ea63548c65a65e67334f4b61803822e", [:mix], [], "hexpm", "52694ef56e60108e5012f8af9673874c66ed58ac1c4fae9b5b7ded31786663f5"},
  "ecto": {:hex, :ecto, "3.1.7", "fa21d06ef56cdc2fdaa62574e8c3ba34a2751d44ea34c30bc65f0728421043e5", [:mix], [{:decimal, "~> 1.6", [hex: :decimal, repo: "hexpm", optional: false]}, {:jason, "~> 1.0", [hex: :jason, repo: "hexpm", optional: true]}], "hexpm", "fd0f11a8454e490ae11b6f69aa1ed9e0352641242d014cc3d2f420d7743f6966"},
  "ecto_sql": {:hex, :ecto_sql, "3.1.6", "1e80e30d16138a729c717f73dcb938590bcdb3a4502f3012414d0cbb261045d8", [:mix], [{:db_connection, "~> 2.0", [hex: :db_connection, repo: "hexpm", optional: false]}, {:ecto, "~> 3.1.0", [hex: :ecto, repo: "hexpm", optional: false]}, {:mariaex, "~> 0.9.1", [hex: :mariaex, repo: "hexpm", optional: true]}, {:myxql, "~> 0.2.0", [hex: :myxql, repo: "hexpm", optional: true]}, {:postgrex, "~> 0.14.0 or ~> 0.15.0", [hex: :postgrex, repo: "hexpm", optional: true]}, {:telemetry, "~> 0.4.0", [hex: :telemetry, repo: "hexpm", optional: false]}], "hexpm", "cdb6a76a6d88b256fd1bfc37da66cfc96f0935591c5114c1123b04c150828b69"},
  "elixir_make": {:hex, :elixir_make, "0.6.0", "38349f3e29aff4864352084fc736fa7fa0f2995a819a737554f7ebd28b85aaab", [:mix], [], "hexpm", "d522695b93b7f0b4c0fcb2dfe73a6b905b1c301226a5a55cb42e5b14d509e050"},
  "ex_cldr": {:hex, :ex_cldr, "2.7.2", "d79a1af6ed12630a15175d2b88d4381b22db5d6f835c5da8de132f0cf712b233", [:mix], [{:cldr_utils, "~> 2.1", [hex: :cldr_utils, repo: "hexpm", optional: false]}, {:decimal, "~> 1.5", [hex: :decimal, repo: "hexpm", optional: false]}, {:gettext, "~> 0.13", [hex: :gettext, repo: "hexpm", optional: true]}, {:jason, "~> 1.0", [hex: :jason, repo: "hexpm", optional: true]}, {:nimble_parsec, "~> 0.5", [hex: :nimble_parsec, repo: "hexpm", optional: false]}, {:plug, "~> 1.4", [hex: :plug, repo: "hexpm", optional: true]}, {:telemetry, "~> 0.4.0", [hex: :telemetry, repo: "hexpm", optional: true]}], "hexpm", "52344684e4e0ff046e1929ae019c0b3c6b122c77c948a43be30684015f2036e2"},
  "ex_cldr_currencies": {:hex, :ex_cldr_currencies, "2.3.0", "bffae489416b8b05d4683403263f5d62aae17de70c24ff915a533541fea514de", [:mix], [{:ex_cldr, "~> 2.6", [hex: :ex_cldr, repo: "hexpm", optional: false]}, {:jason, "~> 1.0", [hex: :jason, repo: "hexpm", optional: true]}], "hexpm", "7d8ba3738b24d9c7d31bc63b131785b444ed05388fd1cc0958216eb5992d79d6"},
  "ex_cldr_numbers": {:hex, :ex_cldr_numbers, "2.6.4", "5b1ac8451f889576bb29dee70412de1170974298727ab944aa4d17e91bdd3472", [:mix], [{:decimal, "~> 1.5", [hex: :decimal, repo: "hexpm", optional: false]}, {:ex_cldr, "~> 2.6", [hex: :ex_cldr, repo: "hexpm", optional: false]}, {:ex_cldr_currencies, "~> 2.3", [hex: :ex_cldr_currencies, repo: "hexpm", optional: false]}, {:jason, "~> 1.0", [hex: :jason, repo: "hexpm", optional: true]}], "hexpm", "ebc768502db56782794dc51f4f12fe53c3a2338db148d380bdbcf631c7d691f5"},
  "ex_money": {:hex, :ex_money, "3.4.4", "8fbcf69fce3c9ccf261456c0aeb7b3d9f621f9ce20ecd522ab8beccba269c415", [:mix], [{:decimal, "~> 1.5", [hex: :decimal, repo: "hexpm", optional: false]}, {:ecto_sql, "~> 3.0", [hex: :ecto_sql, repo: "hexpm", optional: true]}, {:ex_cldr, "~> 2.6", [hex: :ex_cldr, repo: "hexpm", optional: false]}, {:ex_cldr_numbers, "~> 2.6", [hex: :ex_cldr_numbers, repo: "hexpm", optional: false]}, {:jason, "~> 1.0", [hex: :jason, repo: "hexpm", optional: true]}, {:phoenix_html, "~> 2.0", [hex: :phoenix_html, repo: "hexpm", optional: true]}], "hexpm", "e59be4285b698062b7092ff3589bb2a81c3fea0303ea6b06976f0f115d94b82e"},
  "file_system": {:hex, :file_system, "0.2.7", "e6f7f155970975789f26e77b8b8d8ab084c59844d8ecfaf58cbda31c494d14aa", [:mix], [], "hexpm", "b4cfa2d69c7f0b18fd06db222b2398abeef743a72504e6bd7df9c52f171b047f"},
  "gettext": {:hex, :gettext, "0.17.0", "abe21542c831887a2b16f4c94556db9c421ab301aee417b7c4fbde7fbdbe01ec", [:mix], [], "hexpm", "e0b8598e802676c81e66b061a2148c37c03886b24a3ca86a1f98ed40693b94b3"},
  "goth": {:hex, :goth, "1.1.0", "85977656822e54217bc0472666f1ce15dc3921495ef5f4f0774ef15503bae207", [:mix], [{:httpoison, "~> 0.11 or ~> 1.0", [hex: :httpoison, repo: "hexpm", optional: false]}, {:jason, "~> 1.1", [hex: :jason, repo: "hexpm", optional: false]}, {:joken, "~> 2.0", [hex: :joken, repo: "hexpm", optional: false]}], "hexpm", "d8d9e12fe744b5c91b6369a9b8f1da6682e80c95d204df35b376dac8a7211f2d"},
  "hackney": {:hex, :hackney, "1.14.3", "b5f6f5dcc4f1fba340762738759209e21914516df6be440d85772542d4a5e412", [:rebar3], [{:certifi, "2.4.2", [hex: :certifi, repo: "hexpm", optional: false]}, {:idna, "6.0.0", [hex: :idna, repo: "hexpm", optional: false]}, {:metrics, "1.0.1", [hex: :metrics, repo: "hexpm", optional: false]}, {:mimerl, "1.0.2", [hex: :mimerl, repo: "hexpm", optional: false]}, {:ssl_verify_fun, "1.1.4", [hex: :ssl_verify_fun, repo: "hexpm", optional: false]}], "hexpm", "ed15491f324aa0e95647dca8ef4340418dac479d1204d57e455d52dcfba3f705"},
  "html_sanitize_ex": {:hex, :html_sanitize_ex, "1.3.0", "f005ad692b717691203f940c686208aa3d8ffd9dd4bb3699240096a51fa9564e", [:mix], [{:mochiweb, "~> 2.15", [hex: :mochiweb, repo: "hexpm", optional: false]}], "hexpm", "abfb393ad888d57700f4d0f119c2643c8a9d98856f9b8a92001be7efad1419d6"},
  "httpoison": {:hex, :httpoison, "1.5.1", "0f55b5b673b03c5c327dac7015a67cb571b99b631acc0bc1b0b98dcd6b9f2104", [:mix], [{:hackney, "~> 1.8", [hex: :hackney, repo: "hexpm", optional: false]}], "hexpm", "191a3b6329c917de4e7ca68431919a59bf19e60694b313a69bc1f56a4cb160bf"},
  "idna": {:hex, :idna, "6.0.0", "689c46cbcdf3524c44d5f3dde8001f364cd7608a99556d8fbd8239a5798d4c10", [:rebar3], [{:unicode_util_compat, "0.4.1", [hex: :unicode_util_compat, repo: "hexpm", optional: false]}], "hexpm", "4bdd305eb64e18b0273864920695cb18d7a2021f31a11b9c5fbcd9a253f936e2"},
  "jason": {:hex, :jason, "1.1.2", "b03dedea67a99223a2eaf9f1264ce37154564de899fd3d8b9a21b1a6fd64afe7", [:mix], [{:decimal, "~> 1.0", [hex: :decimal, repo: "hexpm", optional: true]}], "hexpm", "fdf843bca858203ae1de16da2ee206f53416bbda5dc8c9e78f43243de4bc3afe"},
  "joken": {:hex, :joken, "2.1.0", "bf21a73105d82649f617c5e59a7f8919aa47013d2519ebcc39d998d8d12adda9", [:mix], [{:jose, "~> 1.9", [hex: :jose, repo: "hexpm", optional: false]}], "hexpm", "eb02df7d5526df13063397e051b926b7006d5986d66f399eefc474f560cdad6a"},
  "jose": {:hex, :jose, "1.9.0", "4167c5f6d06ffaebffd15cdb8da61a108445ef5e85ab8f5a7ad926fdf3ada154", [:mix, :rebar3], [{:base64url, "~> 0.0.1", [hex: :base64url, repo: "hexpm", optional: false]}], "hexpm", "6429c4fee52b2dda7861ee19a4f09c8c1ffa213bee3a1ec187828fde95d447ed"},
  "metrics": {:hex, :metrics, "1.0.1", "25f094dea2cda98213cecc3aeff09e940299d950904393b2a29d191c346a8486", [:rebar3], [], "hexpm", "69b09adddc4f74a40716ae54d140f93beb0fb8978d8636eaded0c31b6f099f16"},
  "mime": {:hex, :mime, "1.3.1", "30ce04ab3175b6ad0bdce0035cba77bba68b813d523d1aac73d9781b4d193cf8", [:mix], [], "hexpm", "6cbe761d6a0ca5a31a0931bf4c63204bceb64538e664a8ecf784a9a6f3b875f1"},
  "mimerl": {:hex, :mimerl, "1.0.2", "993f9b0e084083405ed8252b99460c4f0563e41729ab42d9074fd5e52439be88", [:rebar3], [], "hexpm", "7a4c8e1115a2732a67d7624e28cf6c9f30c66711a9e92928e745c255887ba465"},
  "mochiweb": {:hex, :mochiweb, "2.18.0", "eb55f1db3e6e960fac4e6db4e2db9ec3602cc9f30b86cd1481d56545c3145d2e", [:rebar3], [], "hexpm", "b93e2b1e564bdbadfecc297277f9e6d0902da645b417d6c9210f6038ac63489a"},
  "navigation_history": {:hex, :navigation_history, "0.2.2", "c53a4e2867d1a3ff1a1db21974322ea13409dcb72352f07e9d40729d27ad45df", [:mix], [{:plug, "~> 1.1", [hex: :plug, repo: "hexpm", optional: false]}], "hexpm", "0dd23cee7bcb6eb6d0d42a2d41ca36929637213f6fdda3132ef78f2ea0a17a40"},
  "nimble_parsec": {:hex, :nimble_parsec, "0.5.0", "90e2eca3d0266e5c53f8fbe0079694740b9c91b6747f2b7e3c5d21966bba8300", [:mix], [], "hexpm", "5c040b8469c1ff1b10093d3186e2e10dbe483cd73d79ec017993fb3985b8a9b3"},
  "parse_trans": {:hex, :parse_trans, "3.3.0", "09765507a3c7590a784615cfd421d101aec25098d50b89d7aa1d66646bc571c1", [:rebar3], [], "hexpm", "17ef63abde837ad30680ea7f857dd9e7ced9476cdd7b0394432af4bfc241b960"},
  "phoenix": {:hex, :phoenix, "1.4.8", "c72dc3adeb49c70eb963a0ea24f7a064ec1588e651e84e1b7ad5ed8253c0b4a2", [:mix], [{:jason, "~> 1.0", [hex: :jason, repo: "hexpm", optional: true]}, {:phoenix_pubsub, "~> 1.1", [hex: :phoenix_pubsub, repo: "hexpm", optional: false]}, {:plug, "~> 1.8.1 or ~> 1.9", [hex: :plug, repo: "hexpm", optional: false]}, {:plug_cowboy, "~> 1.0 or ~> 2.0", [hex: :plug_cowboy, repo: "hexpm", optional: true]}, {:telemetry, "~> 0.4", [hex: :telemetry, repo: "hexpm", optional: false]}], "hexpm", "39bc15e4de1065220f0bdf4dc3c4e1a31a7210a64a676a1a83742d9003a22d83"},
  "phoenix_ecto": {:hex, :phoenix_ecto, "4.0.0", "c43117a136e7399ea04ecaac73f8f23ee0ffe3e07acfcb8062fe5f4c9f0f6531", [:mix], [{:ecto, "~> 3.0", [hex: :ecto, repo: "hexpm", optional: false]}, {:phoenix_html, "~> 2.9", [hex: :phoenix_html, repo: "hexpm", optional: true]}, {:plug, "~> 1.0", [hex: :plug, repo: "hexpm", optional: false]}], "hexpm", "fe15d9fee5b82f5e64800502011ffe530650d42e1710ae9b14bc4c9be38bf303"},
  "phoenix_html": {:hex, :phoenix_html, "2.13.3", "850e292ff6e204257f5f9c4c54a8cb1f6fbc16ed53d360c2b780a3d0ba333867", [:mix], [{:plug, "~> 1.5", [hex: :plug, repo: "hexpm", optional: false]}], "hexpm", "8b01b3d6d39731ab18aa548d928b5796166d2500755f553725cfe967bafba7d9"},
  "phoenix_live_reload": {:hex, :phoenix_live_reload, "1.2.1", "274a4b07c4adbdd7785d45a8b0bb57634d0b4f45b18d2c508b26c0344bd59b8f", [:mix], [{:file_system, "~> 0.2.1 or ~> 0.3", [hex: :file_system, repo: "hexpm", optional: false]}, {:phoenix, "~> 1.4", [hex: :phoenix, repo: "hexpm", optional: false]}], "hexpm", "41b4103a2fa282cfd747d377233baf213c648fdcc7928f432937676532490eee"},
  "phoenix_pubsub": {:hex, :phoenix_pubsub, "1.1.2", "496c303bdf1b2e98a9d26e89af5bba3ab487ba3a3735f74bf1f4064d2a845a3e", [:mix], [], "hexpm", "1f13f9f0f3e769a667a6b6828d29dec37497a082d195cc52dbef401a9b69bf38"},
  "phoenix_swoosh": {:hex, :phoenix_swoosh, "0.2.0", "a7e0b32077cd6d2323ae15198839b05d9caddfa20663fd85787479e81f89520e", [:mix], [{:phoenix, "~> 1.0", [hex: :phoenix, repo: "hexpm", optional: false]}, {:phoenix_html, "~> 2.2", [hex: :phoenix_html, repo: "hexpm", optional: false]}, {:swoosh, "~> 0.1", [hex: :swoosh, repo: "hexpm", optional: false]}], "hexpm", "ebf1bfa7b3c1c850c04929afe02e2e0d7ab135e0706332c865de03e761676b1f"},
  "plug": {:hex, :plug, "1.8.2", "0bcce1daa420f189a6491f3940cc77ea7fb1919761175c9c3b59800d897440fc", [:mix], [{:mime, "~> 1.0", [hex: :mime, repo: "hexpm", optional: false]}, {:plug_crypto, "~> 1.0", [hex: :plug_crypto, repo: "hexpm", optional: false]}, {:telemetry, "~> 0.4", [hex: :telemetry, repo: "hexpm", optional: true]}], "hexpm", "54c8bbd5062cb32880aa1afc9894a823b1c18a47a1821a552887310b561cd418"},
  "plug_cowboy": {:hex, :plug_cowboy, "2.1.0", "b75768153c3a8a9e8039d4b25bb9b14efbc58e9c4a6e6a270abff1cd30cbe320", [:mix], [{:cowboy, "~> 2.5", [hex: :cowboy, repo: "hexpm", optional: false]}, {:plug, "~> 1.7", [hex: :plug, repo: "hexpm", optional: false]}], "hexpm", "6cd8ddd1bd1fbfa54d3fc61d4719c2057dae67615395d58d40437a919a46f132"},
  "plug_crypto": {:hex, :plug_crypto, "1.0.0", "18e49317d3fa343f24620ed22795ec29d4a5e602d52d1513ccea0b07d8ea7d4d", [:mix], [], "hexpm", "73c1682f0e414cfb5d9b95c8e8cd6ffcfdae699e3b05e1db744e58b7be857759"},
  "poison": {:hex, :poison, "3.1.0", "d9eb636610e096f86f25d9a46f35a9facac35609a7591b3be3326e99a0484665", [:mix], [], "hexpm", "fec8660eb7733ee4117b85f55799fd3833eb769a6df71ccf8903e8dc5447cfce"},
  "postgrex": {:hex, :postgrex, "0.14.3", "5754dee2fdf6e9e508cbf49ab138df964278700b764177e8f3871e658b345a1e", [:mix], [{:connection, "~> 1.0", [hex: :connection, repo: "hexpm", optional: false]}, {:db_connection, "~> 2.0", [hex: :db_connection, repo: "hexpm", optional: false]}, {:decimal, "~> 1.5", [hex: :decimal, repo: "hexpm", optional: false]}, {:jason, "~> 1.0", [hex: :jason, repo: "hexpm", optional: true]}], "hexpm", "0ec1f09319f29b4dfc2d0e08c776834d219faae0da3536f3d9460f6793e6af1f"},
  "ranch": {:hex, :ranch, "1.7.1", "6b1fab51b49196860b733a49c07604465a47bdb78aa10c1c16a3d199f7f8c881", [:rebar3], [], "hexpm", "451d8527787df716d99dc36162fca05934915db0b6141bbdac2ea8d3c7afc7d7"},
  "sched_ex": {:hex, :sched_ex, "1.1.1", "e2e8e136ae0a8c19d882031a528b4ea98c55fe88da74e948836bde22c90dcfc4", [:mix], [{:crontab, "~> 1.1.2", [hex: :crontab, repo: "hexpm", optional: false]}, {:timex, "~> 3.1", [hex: :timex, repo: "hexpm", optional: false]}], "hexpm", "42eb14be133e60cb129f4955823bcae9745360d6bcd84c80bbbc61e36b41ec14"},
  "ssl_verify_fun": {:hex, :ssl_verify_fun, "1.1.4", "f0eafff810d2041e93f915ef59899c923f4568f4585904d010387ed74988e77b", [:make, :mix, :rebar3], [], "hexpm", "603561dc0fd62f4f2ea9b890f4e20e1a0d388746d6e20557cafb1b16950de88c"},
  "sweet_xml": {:hex, :sweet_xml, "0.6.6", "fc3e91ec5dd7c787b6195757fbcf0abc670cee1e4172687b45183032221b66b8", [:mix], [], "hexpm", "2e1ec458f892ffa81f9f8386e3f35a1af6db7a7a37748a64478f13163a1f3573"},
  "swoosh": {:hex, :swoosh, "0.23.2", "7dda95ff0bf54a2298328d6899c74dae1223777b43563ccebebb4b5d2b61df38", [:mix], [{:cowboy, "~> 1.0.1 or ~> 1.1 or ~> 2.4", [hex: :cowboy, repo: "hexpm", optional: true]}, {:gen_smtp, "~> 0.13", [hex: :gen_smtp, repo: "hexpm", optional: true]}, {:hackney, "~> 1.9", [hex: :hackney, repo: "hexpm", optional: false]}, {:jason, "~> 1.0", [hex: :jason, repo: "hexpm", optional: false]}, {:mail, "~> 0.2", [hex: :mail, repo: "hexpm", optional: true]}, {:mime, "~> 1.1", [hex: :mime, repo: "hexpm", optional: false]}, {:plug_cowboy, ">= 1.0.0", [hex: :plug_cowboy, repo: "hexpm", optional: true]}], "hexpm", "4829a86ecffa57c4c1371d70bb15fabb2bc1bf9c48766acab78a7a17b3797b67"},
  "telemetry": {:hex, :telemetry, "0.4.0", "8339bee3fa8b91cb84d14c2935f8ecf399ccd87301ad6da6b71c09553834b2ab", [:rebar3], [], "hexpm", "e9e3cacfd37c1531c0ca70ca7c0c30ce2dbb02998a4f7719de180fe63f8d41e4"},
  "tesla": {:hex, :tesla, "1.2.1", "864783cc27f71dd8c8969163704752476cec0f3a51eb3b06393b3971dc9733ff", [:mix], [{:exjsx, ">= 3.0.0", [hex: :exjsx, repo: "hexpm", optional: true]}, {:fuse, "~> 2.4", [hex: :fuse, repo: "hexpm", optional: true]}, {:hackney, "~> 1.6", [hex: :hackney, repo: "hexpm", optional: true]}, {:ibrowse, "~> 4.4.0", [hex: :ibrowse, repo: "hexpm", optional: true]}, {:jason, ">= 1.0.0", [hex: :jason, repo: "hexpm", optional: true]}, {:mime, "~> 1.0", [hex: :mime, repo: "hexpm", optional: false]}, {:poison, ">= 1.0.0", [hex: :poison, repo: "hexpm", optional: true]}], "hexpm", "cfc7277b7a88955ed1f3b9a818d160ea055fd94f7d668e5a83eea18d52eef9ca"},
  "timex": {:hex, :timex, "3.6.1", "efdf56d0e67a6b956cc57774353b0329c8ab7726766a11547e529357ffdc1d56", [:mix], [{:combine, "~> 0.10", [hex: :combine, repo: "hexpm", optional: false]}, {:gettext, "~> 0.10", [hex: :gettext, repo: "hexpm", optional: false]}, {:tzdata, "~> 0.1.8 or ~> 0.5 or ~> 1.0.0", [hex: :tzdata, repo: "hexpm", optional: false]}], "hexpm", "f354efb2400dd7a80fd9eb6c8419068c4f632da4ac47f3d8822d6e33f08bc852"},
  "triplex": {:hex, :triplex, "1.3.0", "9d518aea711ae7b4f3a8b41bd55b383404d9bc6f7cbdeac860c73c5e6999decd", [:mix], [{:ecto_sql, "~> 3.0", [hex: :ecto_sql, repo: "hexpm", optional: false]}, {:mariaex, "~> 0.9.0", [hex: :mariaex, repo: "hexpm", optional: true]}, {:plug, "~> 1.6", [hex: :plug, repo: "hexpm", optional: true]}, {:postgrex, ">= 0.14.0", [hex: :postgrex, repo: "hexpm", optional: true]}], "hexpm", "11446317d25a1bcb0d34220e624ced94004688bc08059c7266e247d72d2872e3"},
  "tzdata": {:hex, :tzdata, "1.0.1", "f6027a331af7d837471248e62733c6ebee86a72e57c613aa071ebb1f750fc71a", [:mix], [{:hackney, "~> 1.0", [hex: :hackney, repo: "hexpm", optional: false]}], "hexpm", "cf1345dfbce6acdfd4e23cbb36e96e53d1981bc89181cd0b936f4f398f4c0b78"},
  "unicode_util_compat": {:hex, :unicode_util_compat, "0.4.1", "d869e4c68901dd9531385bb0c8c40444ebf624e60b6962d95952775cac5e90cd", [:rebar3], [], "hexpm", "1d1848c40487cdb0b30e8ed975e34e025860c02e419cb615d255849f3427439d"},
  "veritaserum": {:hex, :veritaserum, "0.2.1", "0f35d86ab48668c2083218c9608ef8543aac57abcfe30c529646fae4cd9f9500", [:mix], [], "hexpm", "fc24a42a434786185aaf4f518b131686908463217ac3a1c58059602a27d7485e"},
}
