%{
  "arc": {:hex, :arc, "0.11.0", "ac7a0cc03035317b6fef9fe94c97d7d9bd183a3e7ce1606aa0c175cfa8d1ba6d", [:mix], [{:ex_aws, "~> 2.0", [hex: :ex_aws, optional: true]}, {:ex_aws_s3, "~> 2.0", [hex: :ex_aws_s3, optional: true]}, {:hackney, "~> 1.0", [hex: :hackney, optional: false]}, {:poison, "~> 2.2 or ~> 3.1", [hex: :poison, optional: true]}, {:sweet_xml, "~> 0.6", [hex: :sweet_xml, optional: true]}]},
  "arc_ecto": {:hex, :arc_ecto, "0.11.2", "bd9b0c78ec7e09749c47e7e57a52076b5e0c3b9fd19be55f043b3445690ad95b", [:mix], [{:arc, "~> 0.11.0", [hex: :arc, optional: false]}, {:ecto, ">= 2.1.0", [hex: :ecto, optional: false]}]},
  "arc_gcs": {:hex, :arc_gcs, "0.1.2", "376ff7718455f6cf256e9c365e7301421b5b02c9cc65aef87ffc2fd42823d1f7", [:mix], [{:arc, "~> 0.8", [hex: :arc, optional: false]}, {:goth, "~> 1.0", [hex: :goth, optional: false]}, {:sweet_xml, "~> 0.6", [hex: :sweet_xml, optional: false]}]},
  "argon2_elixir": {:hex, :argon2_elixir, "2.0.5", "0073a87d755c7e63fc4f9d08b1d1646585b93f144cecde126e15061b24240b20", [:make, :mix], [{:comeonin, "~> 5.1", [hex: :comeonin, optional: false]}, {:elixir_make, "~> 0.5", [hex: :elixir_make, optional: false]}]},
  "base64url": {:hex, :base64url, "0.0.1", "36a90125f5948e3afd7be97662a1504b934dd5dac78451ca6e9abf85a10286be", [:rebar], []},
  "bodyguard": {:hex, :bodyguard, "2.2.3", "489bd7557870b649cdc478b99e29ba02892b9c618ed927ef6db85ab5dc0fd4c8", [:mix], [{:plug, "~> 1.0", [hex: :plug, optional: false]}]},
  "certifi": {:hex, :certifi, "2.4.2", "75424ff0f3baaccfd34b1214184b6ef616d89e420b258bb0a5ea7d7bc628f7f0", [:rebar3], [{:parse_trans, "~>3.3", [hex: :parse_trans, optional: false]}]},
  "cldr_utils": {:hex, :cldr_utils, "2.2.0", "4f6ac090fc1871037ac41265c98bf0f785b2a4ede144dd2a5282986a5311dd14", [:mix], [{:decimal, "~> 1.5", [hex: :decimal, optional: false]}]},
  "combine": {:hex, :combine, "0.10.0", "eff8224eeb56498a2af13011d142c5e7997a80c8f5b97c499f84c841032e429f", [:mix], []},
  "comeonin": {:hex, :comeonin, "5.1.2", "fbbbbbfcf0f0e9900c0336d16c8d462edf838ba1759577e29cc5fbd7c28a4540", [:mix], []},
  "connection": {:hex, :connection, "1.0.4", "a1cae72211f0eef17705aaededacac3eb30e6625b04a6117c1b2db6ace7d5976", [:mix], []},
  "cowboy": {:hex, :cowboy, "2.6.3", "99aa50e94e685557cad82e704457336a453d4abcb77839ad22dbe71f311fcc06", [:rebar3], [{:cowlib, "~> 2.7.3", [hex: :cowlib, optional: false]}, {:ranch, "~> 1.7.1", [hex: :ranch, optional: false]}]},
  "cowlib": {:hex, :cowlib, "2.7.3", "a7ffcd0917e6d50b4d5fb28e9e2085a0ceb3c97dea310505f7460ff5ed764ce9", [:rebar3], []},
  "db_connection": {:hex, :db_connection, "2.0.6", "bde2f85d047969c5b5800cb8f4b3ed6316c8cb11487afedac4aa5f93fd39abfa", [:mix], [{:connection, "~> 1.0.2", [hex: :connection, optional: false]}]},
  "decimal": {:hex, :decimal, "1.7.0", "30d6b52c88541f9a66637359ddf85016df9eb266170d53105f02e4a67e00c5aa", [:mix], []},
  "ecto": {:hex, :ecto, "3.1.4", "69d852da7a9f04ede725855a35ede48d158ca11a404fe94f8b2fb3b2162cd3c9", [:mix], [{:decimal, "~> 1.6", [hex: :decimal, optional: false]}, {:jason, "~> 1.0", [hex: :jason, optional: true]}]},
  "ecto_sql": {:hex, :ecto_sql, "3.1.3", "2c536139190492d9de33c5fefac7323c5eaaa82e1b9bf93482a14649042f7cd9", [:mix], [{:db_connection, "~> 2.0", [hex: :db_connection, optional: false]}, {:ecto, "~> 3.1.0", [hex: :ecto, optional: false]}, {:mariaex, "~> 0.9.1", [hex: :mariaex, optional: true]}, {:myxql, "~> 0.2.0", [hex: :myxql, optional: true]}, {:postgrex, "~> 0.14.0", [hex: :postgrex, optional: true]}, {:telemetry, "~> 0.4.0", [hex: :telemetry, optional: false]}]},
  "elixir_make": {:hex, :elixir_make, "0.5.2", "96a28c79f5b8d34879cd95ebc04d2a0d678cfbbd3e74c43cb63a76adf0ee8054", [:mix], []},
  "ex_cldr": {:hex, :ex_cldr, "2.7.0", "be0f1c88f1baeb8364395df7d3266a8d7f075ebaeb00d20db743b1d72fa47e55", [:mix], [{:cldr_utils, "~> 2.1", [hex: :cldr_utils, optional: false]}, {:decimal, "~> 1.5", [hex: :decimal, optional: false]}, {:gettext, "~> 0.13", [hex: :gettext, optional: true]}, {:jason, "~> 1.0", [hex: :jason, optional: true]}, {:nimble_parsec, "~> 0.5", [hex: :nimble_parsec, optional: false]}, {:plug, "~> 1.4", [hex: :plug, optional: true]}]},
  "ex_cldr_currencies": {:hex, :ex_cldr_currencies, "2.3.0", "bffae489416b8b05d4683403263f5d62aae17de70c24ff915a533541fea514de", [:mix], [{:ex_cldr, "~> 2.6", [hex: :ex_cldr, optional: false]}, {:jason, "~> 1.0", [hex: :jason, optional: true]}]},
  "ex_cldr_numbers": {:hex, :ex_cldr_numbers, "2.6.0", "431c744058a3980f561878f4886b78871d4067c6d9039ce78335ed9a41c831f8", [:mix], [{:decimal, "~> 1.5", [hex: :decimal, optional: false]}, {:ex_cldr, "~> 2.6", [hex: :ex_cldr, optional: false]}, {:ex_cldr_currencies, "~> 2.3", [hex: :ex_cldr_currencies, optional: false]}, {:jason, "~> 1.0", [hex: :jason, optional: true]}]},
  "ex_money": {:hex, :ex_money, "3.4.2", "7da06947ed92fab7ad265f7fe1f6d36b30404f2b33c7b46de54670921dfe3420", [:mix], [{:decimal, "~> 1.5", [hex: :decimal, optional: false]}, {:ecto_sql, "~> 3.0", [hex: :ecto_sql, optional: true]}, {:ex_cldr, "~> 2.6", [hex: :ex_cldr, optional: false]}, {:ex_cldr_numbers, "~> 2.6", [hex: :ex_cldr_numbers, optional: false]}, {:jason, "~> 1.0", [hex: :jason, optional: true]}, {:phoenix_html, "~> 2.0", [hex: :phoenix_html, optional: true]}]},
  "file_system": {:hex, :file_system, "0.2.7", "e6f7f155970975789f26e77b8b8d8ab084c59844d8ecfaf58cbda31c494d14aa", [:mix], []},
  "gettext": {:hex, :gettext, "0.16.1", "e2130b25eebcbe02bb343b119a07ae2c7e28bd4b146c4a154da2ffb2b3507af2", [:mix], []},
  "goth": {:hex, :goth, "1.0.1", "191773b527db4ae6695d9bab62602bda6645a367a95e2acaca0d51f61fe20e4d", [:mix], [{:httpoison, "~> 0.11 or ~> 1.0", [hex: :httpoison, optional: false]}, {:jason, "~> 1.1", [hex: :jason, optional: false]}, {:joken, "~> 2.0", [hex: :joken, optional: false]}]},
  "hackney": {:hex, :hackney, "1.14.3", "b5f6f5dcc4f1fba340762738759209e21914516df6be440d85772542d4a5e412", [:rebar3], [{:certifi, "2.4.2", [hex: :certifi, optional: false]}, {:idna, "6.0.0", [hex: :idna, optional: false]}, {:metrics, "1.0.1", [hex: :metrics, optional: false]}, {:mimerl, "1.0.2", [hex: :mimerl, optional: false]}, {:ssl_verify_fun, "1.1.4", [hex: :ssl_verify_fun, optional: false]}]},
  "httpoison": {:hex, :httpoison, "1.5.1", "0f55b5b673b03c5c327dac7015a67cb571b99b631acc0bc1b0b98dcd6b9f2104", [:mix], [{:hackney, "~> 1.8", [hex: :hackney, optional: false]}]},
  "idna": {:hex, :idna, "6.0.0", "689c46cbcdf3524c44d5f3dde8001f364cd7608a99556d8fbd8239a5798d4c10", [:rebar3], [{:unicode_util_compat, "0.4.1", [hex: :unicode_util_compat, optional: false]}]},
  "jason": {:hex, :jason, "1.1.2", "b03dedea67a99223a2eaf9f1264ce37154564de899fd3d8b9a21b1a6fd64afe7", [:mix], [{:decimal, "~> 1.0", [hex: :decimal, optional: true]}]},
  "joken": {:hex, :joken, "2.0.1", "ec9ab31bf660f343380da033b3316855197c8d4c6ef597fa3fcb451b326beb14", [:mix], [{:jose, "~> 1.9", [hex: :jose, optional: false]}]},
  "jose": {:hex, :jose, "1.9.0", "4167c5f6d06ffaebffd15cdb8da61a108445ef5e85ab8f5a7ad926fdf3ada154", [:mix, :rebar3], [{:base64url, "~> 0.0.1", [hex: :base64url, optional: false]}]},
  "metrics": {:hex, :metrics, "1.0.1", "25f094dea2cda98213cecc3aeff09e940299d950904393b2a29d191c346a8486", [:rebar3], []},
  "mime": {:hex, :mime, "1.3.1", "30ce04ab3175b6ad0bdce0035cba77bba68b813d523d1aac73d9781b4d193cf8", [:mix], []},
  "mimerl": {:hex, :mimerl, "1.0.2", "993f9b0e084083405ed8252b99460c4f0563e41729ab42d9074fd5e52439be88", [:rebar3], []},
  "nimble_parsec": {:hex, :nimble_parsec, "0.5.0", "90e2eca3d0266e5c53f8fbe0079694740b9c91b6747f2b7e3c5d21966bba8300", [:mix], []},
  "parse_trans": {:hex, :parse_trans, "3.3.0", "09765507a3c7590a784615cfd421d101aec25098d50b89d7aa1d66646bc571c1", [:rebar3], []},
  "phoenix": {:hex, :phoenix, "1.4.6", "8535f4a01291f0fbc2c30c78c4ca6a2eacc148db5178ad76e8b2fc976c590115", [:mix], [{:jason, "~> 1.0", [hex: :jason, optional: true]}, {:phoenix_pubsub, "~> 1.1", [hex: :phoenix_pubsub, optional: false]}, {:plug, "~> 1.7", [hex: :plug, optional: false]}, {:plug_cowboy, "~> 1.0 or ~> 2.0", [hex: :plug_cowboy, optional: true]}]},
  "phoenix_ecto": {:hex, :phoenix_ecto, "4.0.0", "c43117a136e7399ea04ecaac73f8f23ee0ffe3e07acfcb8062fe5f4c9f0f6531", [:mix], [{:ecto, "~> 3.0", [hex: :ecto, optional: false]}, {:phoenix_html, "~> 2.9", [hex: :phoenix_html, optional: true]}, {:plug, "~> 1.0", [hex: :plug, optional: false]}]},
  "phoenix_html": {:hex, :phoenix_html, "2.13.2", "f5d27c9b10ce881a60177d2b5227314fc60881e6b66b41dfe3349db6ed06cf57", [:mix], [{:plug, "~> 1.5", [hex: :plug, optional: false]}]},
  "phoenix_live_reload": {:hex, :phoenix_live_reload, "1.2.0", "3bb31a9fbd40ffe8652e60c8660dffd72dd231efcdf49b744fb75b9ef7db5dd2", [:mix], [{:file_system, "~> 0.2.1 or ~> 0.3", [hex: :file_system, optional: false]}, {:phoenix, "~> 1.4", [hex: :phoenix, optional: false]}]},
  "phoenix_pubsub": {:hex, :phoenix_pubsub, "1.1.2", "496c303bdf1b2e98a9d26e89af5bba3ab487ba3a3735f74bf1f4064d2a845a3e", [:mix], []},
  "phoenix_swoosh": {:hex, :phoenix_swoosh, "0.2.0", "a7e0b32077cd6d2323ae15198839b05d9caddfa20663fd85787479e81f89520e", [:mix], [{:phoenix, "~> 1.0", [hex: :phoenix, optional: false]}, {:phoenix_html, "~> 2.2", [hex: :phoenix_html, optional: false]}, {:swoosh, "~> 0.1", [hex: :swoosh, optional: false]}]},
  "plug": {:hex, :plug, "1.8.0", "9d2685cb007fe5e28ed9ac27af2815bc262b7817a00929ac10f56f169f43b977", [:mix], [{:mime, "~> 1.0", [hex: :mime, optional: false]}, {:plug_crypto, "~> 1.0", [hex: :plug_crypto, optional: false]}, {:telemetry, "~> 0.4", [hex: :telemetry, optional: true]}]},
  "plug_cowboy": {:hex, :plug_cowboy, "2.0.2", "6055f16868cc4882b24b6e1d63d2bada94fb4978413377a3b32ac16c18dffba2", [:mix], [{:cowboy, "~> 2.5", [hex: :cowboy, optional: false]}, {:plug, "~> 1.7", [hex: :plug, optional: false]}]},
  "plug_crypto": {:hex, :plug_crypto, "1.0.0", "18e49317d3fa343f24620ed22795ec29d4a5e602d52d1513ccea0b07d8ea7d4d", [:mix], []},
  "poison": {:hex, :poison, "3.1.0", "d9eb636610e096f86f25d9a46f35a9facac35609a7591b3be3326e99a0484665", [:mix], []},
  "postgrex": {:hex, :postgrex, "0.14.3", "5754dee2fdf6e9e508cbf49ab138df964278700b764177e8f3871e658b345a1e", [:mix], [{:connection, "~> 1.0", [hex: :connection, optional: false]}, {:db_connection, "~> 2.0", [hex: :db_connection, optional: false]}, {:decimal, "~> 1.5", [hex: :decimal, optional: false]}, {:jason, "~> 1.0", [hex: :jason, optional: true]}]},
  "ranch": {:hex, :ranch, "1.7.1", "6b1fab51b49196860b733a49c07604465a47bdb78aa10c1c16a3d199f7f8c881", [:rebar3], []},
  "ssl_verify_fun": {:hex, :ssl_verify_fun, "1.1.4", "f0eafff810d2041e93f915ef59899c923f4568f4585904d010387ed74988e77b", [:make, :mix, :rebar3], []},
  "sweet_xml": {:hex, :sweet_xml, "0.6.6", "fc3e91ec5dd7c787b6195757fbcf0abc670cee1e4172687b45183032221b66b8", [:mix], []},
  "swoosh": {:hex, :swoosh, "0.23.1", "209b7cc6d862c09d2a064c16caa4d4d1c9c936285476459e16591e0065f8432b", [:mix], [{:cowboy, "~> 1.0.1 or ~> 1.1 or ~> 2.4", [hex: :cowboy, optional: true]}, {:gen_smtp, "~> 0.12", [hex: :gen_smtp, optional: true]}, {:hackney, "~> 1.9", [hex: :hackney, optional: false]}, {:jason, "~> 1.0", [hex: :jason, optional: false]}, {:mail, "~> 0.2", [hex: :mail, optional: true]}, {:mime, "~> 1.1", [hex: :mime, optional: false]}, {:plug_cowboy, ">= 1.0.0", [hex: :plug_cowboy, optional: true]}]},
  "telemetry": {:hex, :telemetry, "0.4.0", "8339bee3fa8b91cb84d14c2935f8ecf399ccd87301ad6da6b71c09553834b2ab", [:rebar3], []},
  "tesla": {:hex, :tesla, "1.2.1", "864783cc27f71dd8c8969163704752476cec0f3a51eb3b06393b3971dc9733ff", [:mix], [{:exjsx, ">= 3.0.0", [hex: :exjsx, optional: true]}, {:fuse, "~> 2.4", [hex: :fuse, optional: true]}, {:hackney, "~> 1.6", [hex: :hackney, optional: true]}, {:ibrowse, "~> 4.4.0", [hex: :ibrowse, optional: true]}, {:jason, ">= 1.0.0", [hex: :jason, optional: true]}, {:mime, "~> 1.0", [hex: :mime, optional: false]}, {:poison, ">= 1.0.0", [hex: :poison, optional: true]}]},
  "timex": {:hex, :timex, "3.5.0", "b0a23167da02d0fe4f1a4e104d1f929a00d348502b52432c05de875d0b9cffa5", [:mix], [{:combine, "~> 0.10", [hex: :combine, optional: false]}, {:gettext, "~> 0.10", [hex: :gettext, optional: false]}, {:tzdata, "~> 0.1.8 or ~> 0.5", [hex: :tzdata, optional: false]}]},
  "triplex": {:hex, :triplex, "1.3.0-rc.1", "275be37ef981ec96dbd53a4e7e68d4e0182e0683b49bea84fe8efb355a4d66e4", [:mix], [{:ecto_sql, "~> 3.0", [hex: :ecto_sql, optional: false]}, {:mariaex, "~> 0.9.0", [hex: :mariaex, optional: true]}, {:plug, "~> 1.6", [hex: :plug, optional: true]}, {:postgrex, ">= 0.14.0", [hex: :postgrex, optional: true]}]},
  "tzdata": {:hex, :tzdata, "0.5.20", "304b9e98a02840fb32a43ec111ffbe517863c8566eb04a061f1c4dbb90b4d84c", [:mix], [{:hackney, "~> 1.0", [hex: :hackney, optional: false]}]},
  "unicode_util_compat": {:hex, :unicode_util_compat, "0.4.1", "d869e4c68901dd9531385bb0c8c40444ebf624e60b6962d95952775cac5e90cd", [:rebar3], []},
}
